{
  "nodes": {
    "nixpkgs": {
      "locked": {
        "lastModified": 1766309749,
        "narHash": "sha256-3xY8CZ4rSnQ0NqGhMKAy5vgC+2IVK0NoVEzDoOh4DA4=",
        "owner": "nixos",
        "repo": "nixpkgs",
        "rev": "a6531044f6d0bef691ea18d4d4ce44d0daa6e816",
        "type": "github"
      },
      "original": {
        "owner": "nixos",
        "ref": "nixos-unstable",
        "repo": "nixpkgs",
        "type": "github"
      }
    },
    "noctalia": {
      "inputs": {
        "nixpkgs": [
          "nixpkgs"
        ]
      },
      "locked": {
        "lastModified": 1766458935,
        "narHash": "sha256-+xPQIwf+OWQ+1ha1HiItLuzYz0EZye1+Nl3w+BlqlCQ=",
        "owner": "noctalia-dev",
        "repo": "noctalia-shell",
        "rev": "fecb5ad4503f2c23a065a5b81c0b0fc037fc6d3b",
        "type": "github"
      },
      "original": {
        "owner": "noctalia-dev",
        "repo": "noctalia-shell",
        "type": "github"
      }
    },
    "quickshell": {
      "inputs": {
        "nixpkgs": [
          "nixpkgs"
        ]
      },
      "locked": {
        "lastModified": 1766386896,
        "narHash": "sha256-1uql4y229Rh+/2da99OVNe6DfsjObukXkf60TYRCvhI=",
        "owner": "outfoxxed",
        "repo": "quickshell",
        "rev": "3918290c1bcd93ed81291844d9f1ed146672dbfc",
        "type": "github"
      },
      "original": {
        "owner": "outfoxxed",
        "repo": "quickshell",
        "type": "github"
      }
    },
    "root": {
      "inputs": {
        "nixpkgs": "nixpkgs",
        "noctalia": "noctalia",
        "quickshell": "quickshell"
      }
    }
  },
  "root": "root",
  "version": 7
}
